{
  "name": "reconciliation",
  "lockfileVersion": 3,
  "requires": true,
  "packages": {
    "": {
      "dependencies": {
        "@preline/accordion": "^3.0.0"
      }
    },
    "node_modules/@preline/accordion": {
      "version": "3.0.0",
      "resolved": "https://registry.npmjs.org/@preline/accordion/-/accordion-3.0.0.tgz",
      "integrity": "sha512-FaA+cwrzakIqWmaLoiguAajWKbWPzpQ4YnalKWWskW7WmxDuLYJlfYdsAbDeJP/RDURbt3wSjGeTcdWyfEe6Ig==",
      "license": "Licensed under MIT and Preline UI Fair Use License"
    }
  }
}
